// !$*UTF8*$!
{
	archiveVersion = 1;
	classes = {
	};
	objectVersion = 50;
	objects = {

/* Begin PBXBuildFile section */
		187A2B1B24CF463600CE4F10 /* AppDelegate.swift in Sources */ = {isa = PBXBuildFile; fileRef = 187A2B1A24CF463600CE4F10 /* AppDelegate.swift */; };
		187A2B1D24CF463600CE4F10 /* SceneDelegate.swift in Sources */ = {isa = PBXBuildFile; fileRef = 187A2B1C24CF463600CE4F10 /* SceneDelegate.swift */; };
		187A2B2224CF463600CE4F10 /* Main.storyboard in Resources */ = {isa = PBXBuildFile; fileRef = 187A2B2024CF463600CE4F10 /* Main.storyboard */; };
		187A2B2524CF463600CE4F10 /* ToDoList.xcdatamodeld in Sources */ = {isa = PBXBuildFile; fileRef = 187A2B2324CF463600CE4F10 /* ToDoList.xcdatamodeld */; };
		187A2B2724CF463700CE4F10 /* Assets.xcassets in Resources */ = {isa = PBXBuildFile; fileRef = 187A2B2624CF463700CE4F10 /* Assets.xcassets */; };
		187A2B2A24CF463700CE4F10 /* LaunchScreen.storyboard in Resources */ = {isa = PBXBuildFile; fileRef = 187A2B2824CF463700CE4F10 /* LaunchScreen.storyboard */; };
		187A2B3524CF463700CE4F10 /* ToDoListTests.swift in Sources */ = {isa = PBXBuildFile; fileRef = 187A2B3424CF463700CE4F10 /* ToDoListTests.swift */; };
		187A2B4024CF463700CE4F10 /* ToDoListUITests.swift in Sources */ = {isa = PBXBuildFile; fileRef = 187A2B3F24CF463700CE4F10 /* ToDoListUITests.swift */; };
		187A2B5024CF4B4100CE4F10 /* ToDoTableViewController.swift in Sources */ = {isa = PBXBuildFile; fileRef = 187A2B4F24CF4B4100CE4F10 /* ToDoTableViewController.swift */; };
		187A2B5224CF4BA000CE4F10 /* ToDo.swift in Sources */ = {isa = PBXBuildFile; fileRef = 187A2B5124CF4BA000CE4F10 /* ToDo.swift */; };
/* End PBXBuildFile section */

/* Begin PBXContainerItemProxy section */
		187A2B3124CF463700CE4F10 /* PBXContainerItemProxy */ = {
			isa = PBXContainerItemProxy;
			containerPortal = 187A2B0F24CF463600CE4F10 /* Project object */;
			proxyType = 1;
			remoteGlobalIDString = 187A2B1624CF463600CE4F10;
			remoteInfo = ToDoList;
		};
		187A2B3C24CF463700CE4F10 /* PBXContainerItemProxy */ = {
			isa = PBXContainerItemProxy;
			containerPortal = 187A2B0F24CF463600CE4F10 /* Project object */;
			proxyType = 1;
			remoteGlobalIDString = 187A2B1624CF463600CE4F10;
			remoteInfo = ToDoList;
		};
/* End PBXContainerItemProxy section */

/* Begin PBXFileReference section */
		187A2B1724CF463600CE4F10 /* ToDoList.app */ = {isa = PBXFileReference; explicitFileType = wrapper.application; includeInIndex = 0; path = ToDoList.app; sourceTree = BUILT_PRODUCTS_DIR; };
		187A2B1A24CF463600CE4F10 /* AppDelegate.swift */ = {isa = PBXFileReference; lastKnownFileType = sourcecode.swift; path = AppDelegate.swift; sourceTree = "<group>"; };
		187A2B1C24CF463600CE4F10 /* SceneDelegate.swift */ = {isa = PBXFileReference; lastKnownFileType = sourcecode.swift; path = SceneDelegate.swift; sourceTree = "<group>"; };
		187A2B2124CF463600CE4F10 /* Base */ = {isa = PBXFileReference; lastKnownFileType = file.storyboard; name = Base; path = Base.lproj/Main.storyboard; sourceTree = "<group>"; };
		187A2B2424CF463600CE4F10 /* ToDoList.xcdatamodel */ = {isa = PBXFileReference; lastKnownFileType = wrapper.xcdatamodel; path = ToDoList.xcdatamodel; sourceTree = "<group>"; };
		187A2B2624CF463700CE4F10 /* Assets.xcassets */ = {isa = PBXFileReference; lastKnownFileType = folder.assetcatalog; path = Assets.xcassets; sourceTree = "<group>"; };
		187A2B2924CF463700CE4F10 /* Base */ = {isa = PBXFileReference; lastKnownFileType = file.storyboard; name = Base; path = Base.lproj/LaunchScreen.storyboard; sourceTree = "<group>"; };
		187A2B2B24CF463700CE4F10 /* Info.plist */ = {isa = PBXFileReference; lastKnownFileType = text.plist.xml; path = Info.plist; sourceTree = "<group>"; };
		187A2B3024CF463700CE4F10 /* ToDoListTests.xctest */ = {isa = PBXFileReference; explicitFileType = wrapper.cfbundle; includeInIndex = 0; path = ToDoListTests.xctest; sourceTree = BUILT_PRODUCTS_DIR; };
		187A2B3424CF463700CE4F10 /* ToDoListTests.swift */ = {isa = PBXFileReference; lastKnownFileType = sourcecode.swift; path = ToDoListTests.swift; sourceTree = "<group>"; };
		187A2B3624CF463700CE4F10 /* Info.plist */ = {isa = PBXFileReference; lastKnownFileType = text.plist.xml; path = Info.plist; sourceTree = "<group>"; };
		187A2B3B24CF463700CE4F10 /* ToDoListUITests.xctest */ = {isa = PBXFileReference; explicitFileType = wrapper.cfbundle; includeInIndex = 0; path = ToDoListUITests.xctest; sourceTree = BUILT_PRODUCTS_DIR; };
		187A2B3F24CF463700CE4F10 /* ToDoListUITests.swift */ = {isa = PBXFileReference; lastKnownFileType = sourcecode.swift; path = ToDoListUITests.swift; sourceTree = "<group>"; };
		187A2B4124CF463700CE4F10 /* Info.plist */ = {isa = PBXFileReference; lastKnownFileType = text.plist.xml; path = Info.plist; sourceTree = "<group>"; };
		187A2B4F24CF4B4100CE4F10 /* ToDoTableViewController.swift */ = {isa = PBXFileReference; lastKnownFileType = sourcecode.swift; path = ToDoTableViewController.swift; sourceTree = "<group>"; };
		187A2B5124CF4BA000CE4F10 /* ToDo.swift */ = {isa = PBXFileReference; lastKnownFileType = sourcecode.swift; path = ToDo.swift; sourceTree = "<group>"; };
/* End PBXFileReference section */

/* Begin PBXFrameworksBuildPhase section */
		187A2B1424CF463600CE4F10 /* Frameworks */ = {
			isa = PBXFrameworksBuildPhase;
			buildActionMask = 2147483647;
			files = (
			);
			runOnlyForDeploymentPostprocessing = 0;
		};
		187A2B2D24CF463700CE4F10 /* Frameworks */ = {
			isa = PBXFrameworksBuildPhase;
			buildActionMask = 2147483647;
			files = (
			);
			runOnlyForDeploymentPostprocessing = 0;
		};
		187A2B3824CF463700CE4F10 /* Frameworks */ = {
			isa = PBXFrameworksBuildPhase;
			buildActionMask = 2147483647;
			files = (
			);
			runOnlyForDeploymentPostprocessing = 0;
		};
/* End PBXFrameworksBuildPhase section */

/* Begin PBXGroup section */
		187A2B0E24CF463600CE4F10 = {
			isa = PBXGroup;
			children = (
				187A2B4F24CF4B4100CE4F10 /* ToDoTableViewController.swift */,
				187A2B1924CF463600CE4F10 /* ToDoList */,
				187A2B3324CF463700CE4F10 /* ToDoListTests */,
				187A2B3E24CF463700CE4F10 /* ToDoListUITests */,
				187A2B1824CF463600CE4F10 /* Products */,
			);
			sourceTree = "<group>";
		};
		187A2B1824CF463600CE4F10 /* Products */ = {
			isa = PBXGroup;
			children = (
				187A2B1724CF463600CE4F10 /* ToDoList.app */,
				187A2B3024CF463700CE4F10 /* ToDoListTests.xctest */,
				187A2B3B24CF463700CE4F10 /* ToDoListUITests.xctest */,
			);
			name = Products;
			sourceTree = "<group>";
		};
		187A2B1924CF463600CE4F10 /* ToDoList */ = {
			isa = PBXGroup;
			children = (
				187A2B1A24CF463600CE4F10 /* AppDelegate.swift */,
				187A2B1C24CF463600CE4F10 /* SceneDelegate.swift */,
				187A2B2024CF463600CE4F10 /* Main.storyboard */,
				187A2B5124CF4BA000CE4F10 /* ToDo.swift */,
				187A2B2624CF463700CE4F10 /* Assets.xcassets */,
				187A2B2824CF463700CE4F10 /* LaunchScreen.storyboard */,
				187A2B2B24CF463700CE4F10 /* Info.plist */,
				187A2B2324CF463600CE4F10 /* ToDoList.xcdatamodeld */,
			);
			path = ToDoList;
			sourceTree = "<group>";
		};
		187A2B3324CF463700CE4F10 /* ToDoListTests */ = {
			isa = PBXGroup;
			children = (
				187A2B3424CF463700CE4F10 /* ToDoListTests.swift */,
				187A2B3624CF463700CE4F10 /* Info.plist */,
			);
			path = ToDoListTests;
			sourceTree = "<group>";
		};
		187A2B3E24CF463700CE4F10 /* ToDoListUITests */ = {
			isa = PBXGroup;
			children = (
				187A2B3F24CF463700CE4F10 /* ToDoListUITests.swift */,
				187A2B4124CF463700CE4F10 /* Info.plist */,
			);
			path = ToDoListUITests;
			sourceTree = "<group>";
		};
/* End PBXGroup section */

/* Begin PBXNativeTarget section */
		187A2B1624CF463600CE4F10 /* ToDoList */ = {
			isa = PBXNativeTarget;
			buildConfigurationList = 187A2B4424CF463700CE4F10 /* Build configuration list for PBXNativeTarget "ToDoList" */;
			buildPhases = (
				187A2B1324CF463600CE4F10 /* Sources */,
				187A2B1424CF463600CE4F10 /* Frameworks */,
				187A2B1524CF463600CE4F10 /* Resources */,
			);
			buildRules = (
			);
			dependencies = (
			);
			name = ToDoList;
			productName = ToDoList;
			productReference = 187A2B1724CF463600CE4F10 /* ToDoList.app */;
			productType = "com.apple.product-type.application";
		};
		187A2B2F24CF463700CE4F10 /* ToDoListTests */ = {
			isa = PBXNativeTarget;
			buildConfigurationList = 187A2B4724CF463700CE4F10 /* Build configuration list for PBXNativeTarget "ToDoListTests" */;
			buildPhases = (
				187A2B2C24CF463700CE4F10 /* Sources */,
				187A2B2D24CF463700CE4F10 /* Frameworks */,
				187A2B2E24CF463700CE4F10 /* Resources */,
			);
			buildRules = (
			);
			dependencies = (
				187A2B3224CF463700CE4F10 /* PBXTargetDependency */,
			);
			name = ToDoListTests;
			productName = ToDoListTests;
			productReference = 187A2B3024CF463700CE4F10 /* ToDoListTests.xctest */;
			productType = "com.apple.product-type.bundle.unit-test";
		};
		187A2B3A24CF463700CE4F10 /* ToDoListUITests */ = {
			isa = PBXNativeTarget;
			buildConfigurationList = 187A2B4A24CF463700CE4F10 /* Build configuration list for PBXNativeTarget "ToDoListUITests" */;
			buildPhases = (
				187A2B3724CF463700CE4F10 /* Sources */,
				187A2B3824CF463700CE4F10 /* Frameworks */,
				187A2B3924CF463700CE4F10 /* Resources */,
			);
			buildRules = (
			);
			dependencies = (
				187A2B3D24CF463700CE4F10 /* PBXTargetDependency */,
			);
			name = ToDoListUITests;
			productName = ToDoListUITests;
			productReference = 187A2B3B24CF463700CE4F10 /* ToDoListUITests.xctest */;
			productType = "com.apple.product-type.bundle.ui-testing";
		};
/* End PBXNativeTarget section */

/* Begin PBXProject section */
		187A2B0F24CF463600CE4F10 /* Project object */ = {
			isa = PBXProject;
			attributes = {
				LastSwiftUpdateCheck = 1150;
				LastUpgradeCheck = 1150;
				ORGANIZATIONNAME = KWK;
				TargetAttributes = {
					187A2B1624CF463600CE4F10 = {
						CreatedOnToolsVersion = 11.5;
					};
					187A2B2F24CF463700CE4F10 = {
						CreatedOnToolsVersion = 11.5;
						TestTargetID = 187A2B1624CF463600CE4F10;
					};
					187A2B3A24CF463700CE4F10 = {
						CreatedOnToolsVersion = 11.5;
						TestTargetID = 187A2B1624CF463600CE4F10;
					};
				};
			};
			buildConfigurationList = 187A2B1224CF463600CE4F10 /* Build configuration list for PBXProject "ToDoList" */;
			compatibilityVersion = "Xcode 9.3";
			developmentRegion = en;
			hasScannedForEncodings = 0;
			knownRegions = (
				en,
				Base,
			);
			mainGroup = 187A2B0E24CF463600CE4F10;
			productRefGroup = 187A2B1824CF463600CE4F10 /* Products */;
			projectDirPath = "";
			projectRoot = "";
			targets = (
				187A2B1624CF463600CE4F10 /* ToDoList */,
				187A2B2F24CF463700CE4F10 /* ToDoListTests */,
				187A2B3A24CF463700CE4F10 /* ToDoListUITests */,
			);
		};
/* End PBXProject section */

/* Begin PBXResourcesBuildPhase section */
		187A2B1524CF463600CE4F10 /* Resources */ = {
			isa = PBXResourcesBuildPhase;
			buildActionMask = 2147483647;
			files = (
				187A2B2A24CF463700CE4F10 /* LaunchScreen.storyboard in Resources */,
				187A2B2724CF463700CE4F10 /* Assets.xcassets in Resources */,
				187A2B2224CF463600CE4F10 /* Main.storyboard in Resources */,
			);
			runOnlyForDeploymentPostprocessing = 0;
		};
		187A2B2E24CF463700CE4F10 /* Resources */ = {
			isa = PBXResourcesBuildPhase;
			buildActionMask = 2147483647;
			files = (
			);
			runOnlyForDeploymentPostprocessing = 0;
		};
		187A2B3924CF463700CE4F10 /* Resources */ = {
			isa = PBXResourcesBuildPhase;
			buildActionMask = 2147483647;
			files = (
			);
			runOnlyForDeploymentPostprocessing = 0;
		};
/* End PBXResourcesBuildPhase section */

/* Begin PBXSourcesBuildPhase section */
		187A2B1324CF463600CE4F10 /* Sources */ = {
			isa = PBXSourcesBuildPhase;
			buildActionMask = 2147483647;
			files = (
				187A2B1B24CF463600CE4F10 /* AppDelegate.swift in Sources */,
				187A2B5224CF4BA000CE4F10 /* ToDo.swift in Sources */,
				187A2B5024CF4B4100CE4F10 /* ToDoTableViewController.swift in Sources */,
				187A2B1D24CF463600CE4F10 /* SceneDelegate.swift in Sources */,
				187A2B2524CF463600CE4F10 /* ToDoList.xcdatamodeld in Sources */,
			);
			runOnlyForDeploymentPostprocessing = 0;
		};
		187A2B2C24CF463700CE4F10 /* Sources */ = {
			isa = PBXSourcesBuildPhase;
			buildActionMask = 2147483647;
			files = (
				187A2B3524CF463700CE4F10 /* ToDoListTests.swift in Sources */,
			);
			runOnlyForDeploymentPostprocessing = 0;
		};
		187A2B3724CF463700CE4F10 /* Sources */ = {
			isa = PBXSourcesBuildPhase;
			buildActionMask = 2147483647;
			files = (
				187A2B4024CF463700CE4F10 /* ToDoListUITests.swift in Sources */,
			);
			runOnlyForDeploymentPostprocessing = 0;
		};
/* End PBXSourcesBuildPhase section */

/* Begin PBXTargetDependency section */
		187A2B3224CF463700CE4F10 /* PBXTargetDependency */ = {
			isa = PBXTargetDependency;
			target = 187A2B1624CF463600CE4F10 /* ToDoList */;
			targetProxy = 187A2B3124CF463700CE4F10 /* PBXContainerItemProxy */;
		};
		187A2B3D24CF463700CE4F10 /* PBXTargetDependency */ = {
			isa = PBXTargetDependency;
			target = 187A2B1624CF463600CE4F10 /* ToDoList */;
			targetProxy = 187A2B3C24CF463700CE4F10 /* PBXContainerItemProxy */;
		};
/* End PBXTargetDependency section */

/* Begin PBXVariantGroup section */
		187A2B2024CF463600CE4F10 /* Main.storyboard */ = {
			isa = PBXVariantGroup;
			children = (
				187A2B2124CF463600CE4F10 /* Base */,
			);
			name = Main.storyboard;
			sourceTree = "<group>";
		};
		187A2B2824CF463700CE4F10 /* LaunchScreen.storyboard */ = {
			isa = PBXVariantGroup;
			children = (
				187A2B2924CF463700CE4F10 /* Base */,
			);
			name = LaunchScreen.storyboard;
			sourceTree = "<group>";
		};
/* End PBXVariantGroup section */

/* Begin XCBuildConfiguration section */
		187A2B4224CF463700CE4F10 /* Debug */ = {
			isa = XCBuildConfiguration;
			buildSettings = {
				ALWAYS_SEARCH_USER_PATHS = NO;
				CLANG_ANALYZER_NONNULL = YES;
				CLANG_ANALYZER_NUMBER_OBJECT_CONVERSION = YES_AGGRESSIVE;
				CLANG_CXX_LANGUAGE_STANDARD = "gnu++14";
				CLANG_CXX_LIBRARY = "libc++";
				CLANG_ENABLE_MODULES = YES;
				CLANG_ENABLE_OBJC_ARC = YES;
				CLANG_ENABLE_OBJC_WEAK = YES;
				CLANG_WARN_BLOCK_CAPTURE_AUTORELEASING = YES;
				CLANG_WARN_BOOL_CONVERSION = YES;
				CLANG_WARN_COMMA = YES;
				CLANG_WARN_CONSTANT_CONVERSION = YES;
				CLANG_WARN_DEPRECATED_OBJC_IMPLEMENTATIONS = YES;
				CLANG_WARN_DIRECT_OBJC_ISA_USAGE = YES_ERROR;
				CLANG_WARN_DOCUMENTATION_COMMENTS = YES;
				CLANG_WARN_EMPTY_BODY = YES;
				CLANG_WARN_ENUM_CONVERSION = YES;
				CLANG_WARN_INFINITE_RECURSION = YES;
				CLANG_WARN_INT_CONVERSION = YES;
				CLANG_WARN_NON_LITERAL_NULL_CONVERSION = YES;
				CLANG_WARN_OBJC_IMPLICIT_RETAIN_SELF = YES;
				CLANG_WARN_OBJC_LITERAL_CONVERSION = YES;
				CLANG_WARN_OBJC_ROOT_CLASS = YES_ERROR;
				CLANG_WARN_RANGE_LOOP_ANALYSIS = YES;
				CLANG_WARN_STRICT_PROTOTYPES = YES;
				CLANG_WARN_SUSPICIOUS_MOVE = YES;
				CLANG_WARN_UNGUARDED_AVAILABILITY = YES_AGGRESSIVE;
				CLANG_WARN_UNREACHABLE_CODE = YES;
				CLANG_WARN__DUPLICATE_METHOD_MATCH = YES;
				COPY_PHASE_STRIP = NO;
				DEBUG_INFORMATION_FORMAT = dwarf;
				ENABLE_STRICT_OBJC_MSGSEND = YES;
				ENABLE_TESTABILITY = YES;
				GCC_C_LANGUAGE_STANDARD = gnu11;
				GCC_DYNAMIC_NO_PIC = NO;
				GCC_NO_COMMON_BLOCKS = YES;
				GCC_OPTIMIZATION_LEVEL = 0;
				GCC_PREPROCESSOR_DEFINITIONS = (
					"DEBUG=1",
					"$(inherited)",
				);
				GCC_WARN_64_TO_32_BIT_CONVERSION = YES;
				GCC_WARN_ABOUT_RETURN_TYPE = YES_ERROR;
				GCC_WARN_UNDECLARED_SELECTOR = YES;
				GCC_WARN_UNINITIALIZED_AUTOS = YES_AGGRESSIVE;
				GCC_WARN_UNUSED_FUNCTION = YES;
				GCC_WARN_UNUSED_VARIABLE = YES;
				IPHONEOS_DEPLOYMENT_TARGET = 13.5;
				MTL_ENABLE_DEBUG_INFO = INCLUDE_SOURCE;
				MTL_FAST_MATH = YES;
				ONLY_ACTIVE_ARCH = YES;
				SDKROOT = iphoneos;
				SWIFT_ACTIVE_COMPILATION_CONDITIONS = DEBUG;
				SWIFT_OPTIMIZATION_LEVEL = "-Onone";
			};
			name = Debug;
		};
		187A2B4324CF463700CE4F10 /* Release */ = {
			isa = XCBuildConfiguration;
			buildSettings = {
				ALWAYS_SEARCH_USER_PATHS = NO;
				CLANG_ANALYZER_NONNULL = YES;
				CLANG_ANALYZER_NUMBER_OBJECT_CONVERSION = YES_AGGRESSIVE;
				CLANG_CXX_LANGUAGE_STANDARD = "gnu++14";
				CLANG_CXX_LIBRARY = "libc++";
				CLANG_ENABLE_MODULES = YES;
				CLANG_ENABLE_OBJC_ARC = YES;
				CLANG_ENABLE_OBJC_WEAK = YES;
				CLANG_WARN_BLOCK_CAPTURE_AUTORELEASING = YES;
				CLANG_WARN_BOOL_CONVERSION = YES;
				CLANG_WARN_COMMA = YES;
				CLANG_WARN_CONSTANT_CONVERSION = YES;
				CLANG_WARN_DEPRECATED_OBJC_IMPLEMENTATIONS = YES;
				CLANG_WARN_DIRECT_OBJC_ISA_USAGE = YES_ERROR;
				CLANG_WARN_DOCUMENTATION_COMMENTS = YES;
				CLANG_WARN_EMPTY_BODY = YES;
				CLANG_WARN_ENUM_CONVERSION = YES;
				CLANG_WARN_INFINITE_RECURSION = YES;
				CLANG_WARN_INT_CONVERSION = YES;
				CLANG_WARN_NON_LITERAL_NULL_CONVERSION = YES;
				CLANG_WARN_OBJC_IMPLICIT_RETAIN_SELF = YES;
				CLANG_WARN_OBJC_LITERAL_CONVERSION = YES;
				CLANG_WARN_OBJC_ROOT_CLASS = YES_ERROR;
				CLANG_WARN_RANGE_LOOP_ANALYSIS = YES;
				CLANG_WARN_STRICT_PROTOTYPES = YES;
				CLANG_WARN_SUSPICIOUS_MOVE = YES;
				CLANG_WARN_UNGUARDED_AVAILABILITY = YES_AGGRESSIVE;
				CLANG_WARN_UNREACHABLE_CODE = YES;
				CLANG_WARN__DUPLICATE_METHOD_MATCH = YES;
				COPY_PHASE_STRIP = NO;
				DEBUG_INFORMATION_FORMAT = "dwarf-with-dsym";
				ENABLE_NS_ASSERTIONS = NO;
				ENABLE_STRICT_OBJC_MSGSEND = YES;
				GCC_C_LANGUAGE_STANDARD = gnu11;
				GCC_NO_COMMON_BLOCKS = YES;
				GCC_WARN_64_TO_32_BIT_CONVERSION = YES;
				GCC_WARN_ABOUT_RETURN_TYPE = YES_ERROR;
				GCC_WARN_UNDECLARED_SELECTOR = YES;
				GCC_WARN_UNINITIALIZED_AUTOS = YES_AGGRESSIVE;
				GCC_WARN_UNUSED_FUNCTION = YES;
				GCC_WARN_UNUSED_VARIABLE = YES;
				IPHONEOS_DEPLOYMENT_TARGET = 13.5;
				MTL_ENABLE_DEBUG_INFO = NO;
				MTL_FAST_MATH = YES;
				SDKROOT = iphoneos;
				SWIFT_COMPILATION_MODE = wholemodule;
				SWIFT_OPTIMIZATION_LEVEL = "-O";
				VALIDATE_PRODUCT = YES;
			};
			name = Release;
		};
		187A2B4524CF463700CE4F10 /* Debug */ = {
			isa = XCBuildConfiguration;
			buildSettings = {
				ASSETCATALOG_COMPILER_APPICON_NAME = AppIcon;
				CODE_SIGN_STYLE = Automatic;
				INFOPLIST_FILE = ToDoList/Info.plist;
				LD_RUNPATH_SEARCH_PATHS = (
					"$(inherited)",
					"@executable_path/Frameworks",
				);
				PRODUCT_BUNDLE_IDENTIFIER = "Sienna-Yazdi.ToDoList";
				PRODUCT_NAME = "$(TARGET_NAME)";
				SWIFT_VERSION = 5.0;
				TARGETED_DEVICE_FAMILY = "1,2";
			};
			name = Debug;
		};
		187A2B4624CF463700CE4F10 /* Release */ = {
			isa = XCBuildConfiguration;
			buildSettings = {
				ASSETCATALOG_COMPILER_APPICON_NAME = AppIcon;
				CODE_SIGN_STYLE = Automatic;
				INFOPLIST_FILE = ToDoList/Info.plist;
				LD_RUNPATH_SEARCH_PATHS = (
					"$(inherited)",
					"@executable_path/Frameworks",
				);
				PRODUCT_BUNDLE_IDENTIFIER = "Sienna-Yazdi.ToDoList";
				PRODUCT_NAME = "$(TARGET_NAME)";
				SWIFT_VERSION = 5.0;
				TARGETED_DEVICE_FAMILY = "1,2";
			};
			name = Release;
		};
		187A2B4824CF463700CE4F10 /* Debug */ = {
			isa = XCBuildConfiguration;
			buildSettings = {
				ALWAYS_EMBED_SWIFT_STANDARD_LIBRARIES = YES;
				BUNDLE_LOADER = "$(TEST_HOST)";
				CODE_SIGN_STYLE = Automatic;
				INFOPLIST_FILE = ToDoListTests/Info.plist;
				IPHONEOS_DEPLOYMENT_TARGET = 13.5;
				LD_RUNPATH_SEARCH_PATHS = (
					"$(inherited)",
					"@executable_path/Frameworks",
					"@loader_path/Frameworks",
				);
				PRODUCT_BUNDLE_IDENTIFIER = "Sienna-Yazdi.ToDoListTests";
				PRODUCT_NAME = "$(TARGET_NAME)";
				SWIFT_VERSION = 5.0;
				TARGETED_DEVICE_FAMILY = "1,2";
				TEST_HOST = "$(BUILT_PRODUCTS_DIR)/ToDoList.app/ToDoList";
			};
			name = Debug;
		};
		187A2B4924CF463700CE4F10 /* Release */ = {
			isa = XCBuildConfiguration;
			buildSettings = {
				ALWAYS_EMBED_SWIFT_STANDARD_LIBRARIES = YES;
				BUNDLE_LOADER = "$(TEST_HOST)";
				CODE_SIGN_STYLE = Automatic;
				INFOPLIST_FILE = ToDoListTests/Info.plist;
				IPHONEOS_DEPLOYMENT_TARGET = 13.5;
				LD_RUNPATH_SEARCH_PATHS = (
					"$(inherited)",
					"@executable_path/Frameworks",
					"@loader_path/Frameworks",
				);
				PRODUCT_BUNDLE_IDENTIFIER = "Sienna-Yazdi.ToDoListTests";
				PRODUCT_NAME = "$(TARGET_NAME)";
				SWIFT_VERSION = 5.0;
				TARGETED_DEVICE_FAMILY = "1,2";
				TEST_HOST = "$(BUILT_PRODUCTS_DIR)/ToDoList.app/ToDoList";
			};
			name = Release;
		};
		187A2B4B24CF463700CE4F10 /* Debug */ = {
			isa = XCBuildConfiguration;
			buildSettings = {
				ALWAYS_EMBED_SWIFT_STANDARD_LIBRARIES = YES;
				CODE_SIGN_STYLE = Automatic;
				INFOPLIST_FILE = ToDoListUITests/Info.plist;
				LD_RUNPATH_SEARCH_PATHS = (
					"$(inherited)",
					"@executable_path/Frameworks",
					"@loader_path/Frameworks",
				);
				PRODUCT_BUNDLE_IDENTIFIER = "Sienna-Yazdi.ToDoListUITests";
				PRODUCT_NAME = "$(TARGET_NAME)";
				SWIFT_VERSION = 5.0;
				TARGETED_DEVICE_FAMILY = "1,2";
				TEST_TARGET_NAME = ToDoList;
			};
			name = Debug;
		};
		187A2B4C24CF463700CE4F10 /* Release */ = {
			isa = XCBuildConfiguration;
			buildSettings = {
				ALWAYS_EMBED_SWIFT_STANDARD_LIBRARIES = YES;
				CODE_SIGN_STYLE = Automatic;
				INFOPLIST_FILE = ToDoListUITests/Info.plist;
				LD_RUNPATH_SEARCH_PATHS = (
					"$(inherited)",
					"@executable_path/Frameworks",
					"@loader_path/Frameworks",
				);
				PRODUCT_BUNDLE_IDENTIFIER = "Sienna-Yazdi.ToDoListUITests";
				PRODUCT_NAME = "$(TARGET_NAME)";
				SWIFT_VERSION = 5.0;
				TARGETED_DEVICE_FAMILY = "1,2";
				TEST_TARGET_NAME = ToDoList;
			};
			name = Release;
		};
/* End XCBuildConfiguration section */

/* Begin XCConfigurationList section */
		187A2B1224CF463600CE4F10 /* Build configuration list for PBXProject "ToDoList" */ = {
			isa = XCConfigurationList;
			buildConfigurations = (
				187A2B4224CF463700CE4F10 /* Debug */,
				187A2B4324CF463700CE4F10 /* Release */,
			);
			defaultConfigurationIsVisible = 0;
			defaultConfigurationName = Release;
		};
		187A2B4424CF463700CE4F10 /* Build configuration list for PBXNativeTarget "ToDoList" */ = {
			isa = XCConfigurationList;
			buildConfigurations = (
				187A2B4524CF463700CE4F10 /* Debug */,
				187A2B4624CF463700CE4F10 /* Release */,
			);
			defaultConfigurationIsVisible = 0;
			defaultConfigurationName = Release;
		};
		187A2B4724CF463700CE4F10 /* Build configuration list for PBXNativeTarget "ToDoListTests" */ = {
			isa = XCConfigurationList;
			buildConfigurations = (
				187A2B4824CF463700CE4F10 /* Debug */,
				187A2B4924CF463700CE4F10 /* Release */,
			);
			defaultConfigurationIsVisible = 0;
			defaultConfigurationName = Release;
		};
		187A2B4A24CF463700CE4F10 /* Build configuration list for PBXNativeTarget "ToDoListUITests" */ = {
			isa = XCConfigurationList;
			buildConfigurations = (
				187A2B4B24CF463700CE4F10 /* Debug */,
				187A2B4C24CF463700CE4F10 /* Release */,
			);
			defaultConfigurationIsVisible = 0;
			defaultConfigurationName = Release;
		};
/* End XCConfigurationList section */

/* Begin XCVersionGroup section */
		187A2B2324CF463600CE4F10 /* ToDoList.xcdatamodeld */ = {
			isa = XCVersionGroup;
			children = (
				187A2B2424CF463600CE4F10 /* ToDoList.xcdatamodel */,
			);
			currentVersion = 187A2B2424CF463600CE4F10 /* ToDoList.xcdatamodel */;
			path = ToDoList.xcdatamodeld;
			sourceTree = "<group>";
			versionGroupType = wrapper.xcdatamodel;
		};
/* End XCVersionGroup section */
	};
	rootObject = 187A2B0F24CF463600CE4F10 /* Project object */;
}
